
Microsoft Visual Studio Solution File, Format Version 11.00
# Visual Studio 2010
Project("{FAE04EC0-301F-11D3-BF4B-00C04F79EFBC}") = "QuickAPIClient", "QuickAPIClient.csproj", "{5A8A0745-68F1-4A03-9F5E-106551BFDD42}"
EndProject
Global
	GlobalSection(SolutionConfigurationPlatforms) = preSolution
		Debug|x64 = Debug|x64
		Debug|x86 = Debug|x86
		Release|x64 = Release|x64
		Release|x86 = Release|x86
	EndGlobalSection
	GlobalSection(ProjectConfigurationPlatforms) = postSolution
		{5A8A0745-68F1-4A03-9F5E-106551BFDD42}.Debug|x64.ActiveCfg = Debug|x64
		{5A8A0745-68F1-4A03-9F5E-106551BFDD42}.Debug|x64.Build.0 = Debug|x64
		{5A8A0745-68F1-4A03-9F5E-106551BFDD42}.Debug|x86.ActiveCfg = Debug|x86
		{5A8A0745-68F1-4A03-9F5E-106551BFDD42}.Debug|x86.Build.0 = Debug|x86
		{5A8A0745-68F1-4A03-9F5E-106551BFDD42}.Release|x64.ActiveCfg = Release|x64
		{5A8A0745-68F1-4A03-9F5E-106551BFDD42}.Release|x64.Build.0 = Release|x64
		{5A8A0745-68F1-4A03-9F5E-106551BFDD42}.Release|x86.ActiveCfg = Release|x86
		{5A8A0745-68F1-4A03-9F5E-106551BFDD42}.Release|x86.Build.0 = Release|x86
	EndGlobalSection
	GlobalSection(SolutionProperties) = preSolution
		HideSolutionNode = FALSE
	EndGlobalSection
EndGlobal
